
Microsoft Visual Studio Solution File, Format Version 12.00
# Visual Studio Version 18
VisualStudioVersion = 18.0.11201.2
MinimumVisualStudioVersion = 10.0.40219.1
Project("{2150E333-8FDC-42A3-9474-1A3956D46DE8}") = "src", "src", "{827E0CD3-B72D-47B6-A68D-7590B98EB39B}"
EndProject
Project("{2150E333-8FDC-42A3-9474-1A3956D46DE8}") = "Core", "Core", "{8D626EA8-CB54-BC41-363A-217881BEBA6E}"
EndProject
Project("{FAE04EC0-301F-11D3-BF4B-00C04F79EFBC}") = "PCR.Core.Domain", "src\Core\PCR.Core.Domain\PCR.Core.Domain.csproj", "{9CE0CE5D-F047-4F91-90E7-02819D5FB5AD}"
EndProject
Project("{FAE04EC0-301F-11D3-BF4B-00C04F79EFBC}") = "PCR.Core.Application", "src\Core\PCR.Core.Application\PCR.Core.Application.csproj", "{6638C755-D53A-49B7-A246-276EC43284DF}"
EndProject
Project("{2150E333-8FDC-42A3-9474-1A3956D46DE8}") = "Infrastructure", "Infrastructure", "{9048EB7F-3875-A59E-E36B-5BD4C6F2A282}"
EndProject
Project("{FAE04EC0-301F-11D3-BF4B-00C04F79EFBC}") = "PCR.Infrastructure.Persistence", "src\Infrastructure\PCR.Infrastructure.Persistence\PCR.Infrastructure.Persistence.csproj", "{08F5408D-A80E-4B0B-B2F7-AF7F6A3AA59A}"
EndProject
Project("{FAE04EC0-301F-11D3-BF4B-00C04F79EFBC}") = "PCR.Infrastructure.Identity", "src\Infrastructure\PCR.Infrastructure.Identity\PCR.Infrastructure.Identity.csproj", "{DA08D209-F5A7-422C-BBBF-5D3DA19E68E8}"
EndProject
Project("{FAE04EC0-301F-11D3-BF4B-00C04F79EFBC}") = "PCR.Infrastructure.Shared", "src\Infrastructure\PCR.Infrastructure.Shared\PCR.Infrastructure.Shared.csproj", "{5D488AEF-9D47-4C15-B09B-B92C96C0CB04}"
EndProject
Project("{2150E333-8FDC-42A3-9474-1A3956D46DE8}") = "Presentation", "Presentation", "{6996BBF7-DB31-59BC-C7DD-9A7CCC6138C4}"
EndProject
Project("{FAE04EC0-301F-11D3-BF4B-00C04F79EFBC}") = "PCR.Web.Server", "src\Presentation\PCR.Web.Server\PCR.Web.Server.csproj", "{EDA8071E-6082-4952-91F7-2F0B881D983D}"
EndProject
Project("{2150E333-8FDC-42A3-9474-1A3956D46DE8}") = "tests", "tests", "{0AB3BF05-4346-4AA6-1389-037BE0695223}"
EndProject
Project("{FAE04EC0-301F-11D3-BF4B-00C04F79EFBC}") = "PCR.Core.Domain.UnitTests", "tests\PCR.Core.Domain.UnitTests\PCR.Core.Domain.UnitTests.csproj", "{221F9FC8-DB71-4E0F-B722-AB26BB7F77F0}"
EndProject
Project("{FAE04EC0-301F-11D3-BF4B-00C04F79EFBC}") = "PCR.Core.Application.UnitTests", "tests\PCR.Core.Application.UnitTests\PCR.Core.Application.UnitTests.csproj", "{E940A808-AEB0-4374-8039-55DA54F1618C}"
EndProject
Project("{FAE04EC0-301F-11D3-BF4B-00C04F79EFBC}") = "PCR.Infrastructure.IntegrationTests", "tests\PCR.Infrastructure.IntegrationTests\PCR.Infrastructure.IntegrationTests.csproj", "{DCA17D6F-44A6-4C9F-8779-4AA6E5379641}"
EndProject
Project("{FAE04EC0-301F-11D3-BF4B-00C04F79EFBC}") = "PCR.Web.Tests", "tests\PCR.Web.Tests\PCR.Web.Tests.csproj", "{54A23181-7C3D-443E-AB12-7A7625D11A78}"
EndProject
Global
	GlobalSection(SolutionConfigurationPlatforms) = preSolution
		Debug|Any CPU = Debug|Any CPU
		Debug|x64 = Debug|x64
		Debug|x86 = Debug|x86
		Release|Any CPU = Release|Any CPU
		Release|x64 = Release|x64
		Release|x86 = Release|x86
	EndGlobalSection
	GlobalSection(ProjectConfigurationPlatforms) = postSolution
		{9CE0CE5D-F047-4F91-90E7-02819D5FB5AD}.Debug|Any CPU.ActiveCfg = Debug|Any CPU
		{9CE0CE5D-F047-4F91-90E7-02819D5FB5AD}.Debug|Any CPU.Build.0 = Debug|Any CPU
		{9CE0CE5D-F047-4F91-90E7-02819D5FB5AD}.Debug|x64.ActiveCfg = Debug|Any CPU
		{9CE0CE5D-F047-4F91-90E7-02819D5FB5AD}.Debug|x64.Build.0 = Debug|Any CPU
		{9CE0CE5D-F047-4F91-90E7-02819D5FB5AD}.Debug|x86.ActiveCfg = Debug|Any CPU
		{9CE0CE5D-F047-4F91-90E7-02819D5FB5AD}.Debug|x86.Build.0 = Debug|Any CPU
		{9CE0CE5D-F047-4F91-90E7-02819D5FB5AD}.Release|Any CPU.ActiveCfg = Release|Any CPU
		{9CE0CE5D-F047-4F91-90E7-02819D5FB5AD}.Release|Any CPU.Build.0 = Release|Any CPU
		{9CE0CE5D-F047-4F91-90E7-02819D5FB5AD}.Release|x64.ActiveCfg = Release|Any CPU
		{9CE0CE5D-F047-4F91-90E7-02819D5FB5AD}.Release|x64.Build.0 = Release|Any CPU
		{9CE0CE5D-F047-4F91-90E7-02819D5FB5AD}.Release|x86.ActiveCfg = Release|Any CPU
		{9CE0CE5D-F047-4F91-90E7-02819D5FB5AD}.Release|x86.Build.0 = Release|Any CPU
		{6638C755-D53A-49B7-A246-276EC43284DF}.Debug|Any CPU.ActiveCfg = Debug|Any CPU
		{6638C755-D53A-49B7-A246-276EC43284DF}.Debug|Any CPU.Build.0 = Debug|Any CPU
		{6638C755-D53A-49B7-A246-276EC43284DF}.Debug|x64.ActiveCfg = Debug|Any CPU
		{6638C755-D53A-49B7-A246-276EC43284DF}.Debug|x64.Build.0 = Debug|Any CPU
		{6638C755-D53A-49B7-A246-276EC43284DF}.Debug|x86.ActiveCfg = Debug|Any CPU
		{6638C755-D53A-49B7-A246-276EC43284DF}.Debug|x86.Build.0 = Debug|Any CPU
		{6638C755-D53A-49B7-A246-276EC43284DF}.Release|Any CPU.ActiveCfg = Release|Any CPU
		{6638C755-D53A-49B7-A246-276EC43284DF}.Release|Any CPU.Build.0 = Release|Any CPU
		{6638C755-D53A-49B7-A246-276EC43284DF}.Release|x64.ActiveCfg = Release|Any CPU
		{6638C755-D53A-49B7-A246-276EC43284DF}.Release|x64.Build.0 = Release|Any CPU
		{6638C755-D53A-49B7-A246-276EC43284DF}.Release|x86.ActiveCfg = Release|Any CPU
		{6638C755-D53A-49B7-A246-276EC43284DF}.Release|x86.Build.0 = Release|Any CPU
		{08F5408D-A80E-4B0B-B2F7-AF7F6A3AA59A}.Debug|Any CPU.ActiveCfg = Debug|Any CPU
		{08F5408D-A80E-4B0B-B2F7-AF7F6A3AA59A}.Debug|Any CPU.Build.0 = Debug|Any CPU
		{08F5408D-A80E-4B0B-B2F7-AF7F6A3AA59A}.Debug|x64.ActiveCfg = Debug|Any CPU
		{08F5408D-A80E-4B0B-B2F7-AF7F6A3AA59A}.Debug|x64.Build.0 = Debug|Any CPU
		{08F5408D-A80E-4B0B-B2F7-AF7F6A3AA59A}.Debug|x86.ActiveCfg = Debug|Any CPU
		{08F5408D-A80E-4B0B-B2F7-AF7F6A3AA59A}.Debug|x86.Build.0 = Debug|Any CPU
		{08F5408D-A80E-4B0B-B2F7-AF7F6A3AA59A}.Release|Any CPU.ActiveCfg = Release|Any CPU
		{08F5408D-A80E-4B0B-B2F7-AF7F6A3AA59A}.Release|Any CPU.Build.0 = Release|Any CPU
		{08F5408D-A80E-4B0B-B2F7-AF7F6A3AA59A}.Release|x64.ActiveCfg = Release|Any CPU
		{08F5408D-A80E-4B0B-B2F7-AF7F6A3AA59A}.Release|x64.Build.0 = Release|Any CPU
		{08F5408D-A80E-4B0B-B2F7-AF7F6A3AA59A}.Release|x86.ActiveCfg = Release|Any CPU
		{08F5408D-A80E-4B0B-B2F7-AF7F6A3AA59A}.Release|x86.Build.0 = Release|Any CPU
		{DA08D209-F5A7-422C-BBBF-5D3DA19E68E8}.Debug|Any CPU.ActiveCfg = Debug|Any CPU
		{DA08D209-F5A7-422C-BBBF-5D3DA19E68E8}.Debug|Any CPU.Build.0 = Debug|Any CPU
		{DA08D209-F5A7-422C-BBBF-5D3DA19E68E8}.Debug|x64.ActiveCfg = Debug|Any CPU
		{DA08D209-F5A7-422C-BBBF-5D3DA19E68E8}.Debug|x64.Build.0 = Debug|Any CPU
		{DA08D209-F5A7-422C-BBBF-5D3DA19E68E8}.Debug|x86.ActiveCfg = Debug|Any CPU
		{DA08D209-F5A7-422C-BBBF-5D3DA19E68E8}.Debug|x86.Build.0 = Debug|Any CPU
		{DA08D209-F5A7-422C-BBBF-5D3DA19E68E8}.Release|Any CPU.ActiveCfg = Release|Any CPU
		{DA08D209-F5A7-422C-BBBF-5D3DA19E68E8}.Release|Any CPU.Build.0 = Release|Any CPU
		{DA08D209-F5A7-422C-BBBF-5D3DA19E68E8}.Release|x64.ActiveCfg = Release|Any CPU
		{DA08D209-F5A7-422C-BBBF-5D3DA19E68E8}.Release|x64.Build.0 = Release|Any CPU
		{DA08D209-F5A7-422C-BBBF-5D3DA19E68E8}.Release|x86.ActiveCfg = Release|Any CPU
		{DA08D209-F5A7-422C-BBBF-5D3DA19E68E8}.Release|x86.Build.0 = Release|Any CPU
		{5D488AEF-9D47-4C15-B09B-B92C96C0CB04}.Debug|Any CPU.ActiveCfg = Debug|Any CPU
		{5D488AEF-9D47-4C15-B09B-B92C96C0CB04}.Debug|Any CPU.Build.0 = Debug|Any CPU
		{5D488AEF-9D47-4C15-B09B-B92C96C0CB04}.Debug|x64.ActiveCfg = Debug|Any CPU
		{5D488AEF-9D47-4C15-B09B-B92C96C0CB04}.Debug|x64.Build.0 = Debug|Any CPU
		{5D488AEF-9D47-4C15-B09B-B92C96C0CB04}.Debug|x86.ActiveCfg = Debug|Any CPU
		{5D488AEF-9D47-4C15-B09B-B92C96C0CB04}.Debug|x86.Build.0 = Debug|Any CPU
		{5D488AEF-9D47-4C15-B09B-B92C96C0CB04}.Release|Any CPU.ActiveCfg = Release|Any CPU
		{5D488AEF-9D47-4C15-B09B-B92C96C0CB04}.Release|Any CPU.Build.0 = Release|Any CPU
		{5D488AEF-9D47-4C15-B09B-B92C96C0CB04}.Release|x64.ActiveCfg = Release|Any CPU
		{5D488AEF-9D47-4C15-B09B-B92C96C0CB04}.Release|x64.Build.0 = Release|Any CPU
		{5D488AEF-9D47-4C15-B09B-B92C96C0CB04}.Release|x86.ActiveCfg = Release|Any CPU
		{5D488AEF-9D47-4C15-B09B-B92C96C0CB04}.Release|x86.Build.0 = Release|Any CPU
		{EDA8071E-6082-4952-91F7-2F0B881D983D}.Debug|Any CPU.ActiveCfg = Debug|Any CPU
		{EDA8071E-6082-4952-91F7-2F0B881D983D}.Debug|Any CPU.Build.0 = Debug|Any CPU
		{EDA8071E-6082-4952-91F7-2F0B881D983D}.Debug|x64.ActiveCfg = Debug|Any CPU
		{EDA8071E-6082-4952-91F7-2F0B881D983D}.Debug|x64.Build.0 = Debug|Any CPU
		{EDA8071E-6082-4952-91F7-2F0B881D983D}.Debug|x86.ActiveCfg = Debug|Any CPU
		{EDA8071E-6082-4952-91F7-2F0B881D983D}.Debug|x86.Build.0 = Debug|Any CPU
		{EDA8071E-6082-4952-91F7-2F0B881D983D}.Release|Any CPU.ActiveCfg = Release|Any CPU
		{EDA8071E-6082-4952-91F7-2F0B881D983D}.Release|Any CPU.Build.0 = Release|Any CPU
		{EDA8071E-6082-4952-91F7-2F0B881D983D}.Release|x64.ActiveCfg = Release|Any CPU
		{EDA8071E-6082-4952-91F7-2F0B881D983D}.Release|x64.Build.0 = Release|Any CPU
		{EDA8071E-6082-4952-91F7-2F0B881D983D}.Release|x86.ActiveCfg = Release|Any CPU
		{EDA8071E-6082-4952-91F7-2F0B881D983D}.Release|x86.Build.0 = Release|Any CPU
		{221F9FC8-DB71-4E0F-B722-AB26BB7F77F0}.Debug|Any CPU.ActiveCfg = Debug|Any CPU
		{221F9FC8-DB71-4E0F-B722-AB26BB7F77F0}.Debug|Any CPU.Build.0 = Debug|Any CPU
		{221F9FC8-DB71-4E0F-B722-AB26BB7F77F0}.Debug|x64.ActiveCfg = Debug|Any CPU
		{221F9FC8-DB71-4E0F-B722-AB26BB7F77F0}.Debug|x64.Build.0 = Debug|Any CPU
		{221F9FC8-DB71-4E0F-B722-AB26BB7F77F0}.Debug|x86.ActiveCfg = Debug|Any CPU
		{221F9FC8-DB71-4E0F-B722-AB26BB7F77F0}.Debug|x86.Build.0 = Debug|Any CPU
		{221F9FC8-DB71-4E0F-B722-AB26BB7F77F0}.Release|Any CPU.ActiveCfg = Release|Any CPU
		{221F9FC8-DB71-4E0F-B722-AB26BB7F77F0}.Release|Any CPU.Build.0 = Release|Any CPU
		{221F9FC8-DB71-4E0F-B722-AB26BB7F77F0}.Release|x64.ActiveCfg = Release|Any CPU
		{221F9FC8-DB71-4E0F-B722-AB26BB7F77F0}.Release|x64.Build.0 = Release|Any CPU
		{221F9FC8-DB71-4E0F-B722-AB26BB7F77F0}.Release|x86.ActiveCfg = Release|Any CPU
		{221F9FC8-DB71-4E0F-B722-AB26BB7F77F0}.Release|x86.Build.0 = Release|Any CPU
		{E940A808-AEB0-4374-8039-55DA54F1618C}.Debug|Any CPU.ActiveCfg = Debug|Any CPU
		{E940A808-AEB0-4374-8039-55DA54F1618C}.Debug|Any CPU.Build.0 = Debug|Any CPU
		{E940A808-AEB0-4374-8039-55DA54F1618C}.Debug|x64.ActiveCfg = Debug|Any CPU
		{E940A808-AEB0-4374-8039-55DA54F1618C}.Debug|x64.Build.0 = Debug|Any CPU
		{E940A808-AEB0-4374-8039-55DA54F1618C}.Debug|x86.ActiveCfg = Debug|Any CPU
		{E940A808-AEB0-4374-8039-55DA54F1618C}.Debug|x86.Build.0 = Debug|Any CPU
		{E940A808-AEB0-4374-8039-55DA54F1618C}.Release|Any CPU.ActiveCfg = Release|Any CPU
		{E940A808-AEB0-4374-8039-55DA54F1618C}.Release|Any CPU.Build.0 = Release|Any CPU
		{E940A808-AEB0-4374-8039-55DA54F1618C}.Release|x64.ActiveCfg = Release|Any CPU
		{E940A808-AEB0-4374-8039-55DA54F1618C}.Release|x64.Build.0 = Release|Any CPU
		{E940A808-AEB0-4374-8039-55DA54F1618C}.Release|x86.ActiveCfg = Release|Any CPU
		{E940A808-AEB0-4374-8039-55DA54F1618C}.Release|x86.Build.0 = Release|Any CPU
		{DCA17D6F-44A6-4C9F-8779-4AA6E5379641}.Debug|Any CPU.ActiveCfg = Debug|Any CPU
		{DCA17D6F-44A6-4C9F-8779-4AA6E5379641}.Debug|Any CPU.Build.0 = Debug|Any CPU
		{DCA17D6F-44A6-4C9F-8779-4AA6E5379641}.Debug|x64.ActiveCfg = Debug|Any CPU
		{DCA17D6F-44A6-4C9F-8779-4AA6E5379641}.Debug|x64.Build.0 = Debug|Any CPU
		{DCA17D6F-44A6-4C9F-8779-4AA6E5379641}.Debug|x86.ActiveCfg = Debug|Any CPU
		{DCA17D6F-44A6-4C9F-8779-4AA6E5379641}.Debug|x86.Build.0 = Debug|Any CPU
		{DCA17D6F-44A6-4C9F-8779-4AA6E5379641}.Release|Any CPU.ActiveCfg = Release|Any CPU
		{DCA17D6F-44A6-4C9F-8779-4AA6E5379641}.Release|Any CPU.Build.0 = Release|Any CPU
		{DCA17D6F-44A6-4C9F-8779-4AA6E5379641}.Release|x64.ActiveCfg = Release|Any CPU
		{DCA17D6F-44A6-4C9F-8779-4AA6E5379641}.Release|x64.Build.0 = Release|Any CPU
		{DCA17D6F-44A6-4C9F-8779-4AA6E5379641}.Release|x86.ActiveCfg = Release|Any CPU
		{DCA17D6F-44A6-4C9F-8779-4AA6E5379641}.Release|x86.Build.0 = Release|Any CPU
		{54A23181-7C3D-443E-AB12-7A7625D11A78}.Debug|Any CPU.ActiveCfg = Debug|Any CPU
		{54A23181-7C3D-443E-AB12-7A7625D11A78}.Debug|Any CPU.Build.0 = Debug|Any CPU
		{54A23181-7C3D-443E-AB12-7A7625D11A78}.Debug|x64.ActiveCfg = Debug|Any CPU
		{54A23181-7C3D-443E-AB12-7A7625D11A78}.Debug|x64.Build.0 = Debug|Any CPU
		{54A23181-7C3D-443E-AB12-7A7625D11A78}.Debug|x86.ActiveCfg = Debug|Any CPU
		{54A23181-7C3D-443E-AB12-7A7625D11A78}.Debug|x86.Build.0 = Debug|Any CPU
		{54A23181-7C3D-443E-AB12-7A7625D11A78}.Release|Any CPU.ActiveCfg = Release|Any CPU
		{54A23181-7C3D-443E-AB12-7A7625D11A78}.Release|Any CPU.Build.0 = Release|Any CPU
		{54A23181-7C3D-443E-AB12-7A7625D11A78}.Release|x64.ActiveCfg = Release|Any CPU
		{54A23181-7C3D-443E-AB12-7A7625D11A78}.Release|x64.Build.0 = Release|Any CPU
		{54A23181-7C3D-443E-AB12-7A7625D11A78}.Release|x86.ActiveCfg = Release|Any CPU
		{54A23181-7C3D-443E-AB12-7A7625D11A78}.Release|x86.Build.0 = Release|Any CPU
	EndGlobalSection
	GlobalSection(SolutionProperties) = preSolution
		HideSolutionNode = FALSE
	EndGlobalSection
	GlobalSection(NestedProjects) = preSolution
		{8D626EA8-CB54-BC41-363A-217881BEBA6E} = {827E0CD3-B72D-47B6-A68D-7590B98EB39B}
		{9CE0CE5D-F047-4F91-90E7-02819D5FB5AD} = {8D626EA8-CB54-BC41-363A-217881BEBA6E}
		{6638C755-D53A-49B7-A246-276EC43284DF} = {8D626EA8-CB54-BC41-363A-217881BEBA6E}
		{9048EB7F-3875-A59E-E36B-5BD4C6F2A282} = {827E0CD3-B72D-47B6-A68D-7590B98EB39B}
		{08F5408D-A80E-4B0B-B2F7-AF7F6A3AA59A} = {9048EB7F-3875-A59E-E36B-5BD4C6F2A282}
		{DA08D209-F5A7-422C-BBBF-5D3DA19E68E8} = {9048EB7F-3875-A59E-E36B-5BD4C6F2A282}
		{5D488AEF-9D47-4C15-B09B-B92C96C0CB04} = {9048EB7F-3875-A59E-E36B-5BD4C6F2A282}
		{6996BBF7-DB31-59BC-C7DD-9A7CCC6138C4} = {827E0CD3-B72D-47B6-A68D-7590B98EB39B}
		{EDA8071E-6082-4952-91F7-2F0B881D983D} = {6996BBF7-DB31-59BC-C7DD-9A7CCC6138C4}
		{221F9FC8-DB71-4E0F-B722-AB26BB7F77F0} = {0AB3BF05-4346-4AA6-1389-037BE0695223}
		{E940A808-AEB0-4374-8039-55DA54F1618C} = {0AB3BF05-4346-4AA6-1389-037BE0695223}
		{DCA17D6F-44A6-4C9F-8779-4AA6E5379641} = {0AB3BF05-4346-4AA6-1389-037BE0695223}
		{54A23181-7C3D-443E-AB12-7A7625D11A78} = {0AB3BF05-4346-4AA6-1389-037BE0695223}
	EndGlobalSection
EndGlobal
